{
  "name": "resolve-richtext-contentful-circular",
  "version": "1.0.0",
  "lockfileVersion": 3,
  "requires": true,
  "packages": {
    "": {
      "name": "resolve-richtext-contentful-circular",
      "version": "1.0.0",
      "license": "ISC",
      "dependencies": {
        "@contentful/rich-text-types": "^16.3.5"
      }
    },
    "node_modules/@contentful/rich-text-types": {
      "version": "16.3.5",
      "resolved": "https://registry.npmjs.org/@contentful/rich-text-types/-/rich-text-types-16.3.5.tgz",
      "integrity": "sha512-ZLq6p5uyQXg+i1XGDFu4tAc2VYS12S1KA/jIOyyZjNgC1DvDajsi1JzuiBuOuMEhi1sKEUy6Ry3Yr9jsQtOKuQ==",
      "engines": {
        "node": ">=6.0.0"
      }
    }
  }
}
